
Microsoft Visual Studio Solution File, Format Version 12.00
# Visual Studio Version 16
VisualStudioVersion = 16.0.31321.278
MinimumVisualStudioVersion = 10.0.40219.1
Project("{FAE04EC0-301F-11D3-BF4B-00C04F79EFBC}") = "EncodingWin1251ToUtf8", "EncodingWin1251ToUtf8.csproj", "{618D1EC8-BB7D-4F40-97FA-F8739CB45D6B}"
EndProject
Global
	GlobalSection(SolutionConfigurationPlatforms) = preSolution
		Debug|Any CPU = Debug|Any CPU
		Release|Any CPU = Release|Any CPU
	EndGlobalSection
	GlobalSection(ProjectConfigurationPlatforms) = postSolution
		{618D1EC8-BB7D-4F40-97FA-F8739CB45D6B}.Debug|Any CPU.ActiveCfg = Debug|Any CPU
		{618D1EC8-BB7D-4F40-97FA-F8739CB45D6B}.Debug|Any CPU.Build.0 = Debug|Any CPU
		{618D1EC8-BB7D-4F40-97FA-F8739CB45D6B}.Release|Any CPU.ActiveCfg = Release|Any CPU
		{618D1EC8-BB7D-4F40-97FA-F8739CB45D6B}.Release|Any CPU.Build.0 = Release|Any CPU
	EndGlobalSection
	GlobalSection(SolutionProperties) = preSolution
		HideSolutionNode = FALSE
	EndGlobalSection
	GlobalSection(ExtensibilityGlobals) = postSolution
		SolutionGuid = {21C8D909-C933-411D-AC03-A1F33028BB00}
	EndGlobalSection
EndGlobal
